{
  "schema_version": "venturalitica.ai/v1alpha1",
  "program_uid": "fb2cd398-7fc1-5135-b187-625cb0f1c2dd",
  "triple": {
    "code": "6004635619e894a343724e5a7c3a95ca4c5749e5",
    "model": "resnet18-logreg:seed=42",
    "dataset": ""
  },
  "sections": {
    "classification": {
      "status": "valid",
      "input_hash": "sha256:28a50d424034dbad63f372317331586b6eb3fbe444ebf090c7af8f9edf130262",
      "edge_type": "scope"
    },
    "data_governance": {
      "status": "valid",
      "input_hash": "sha256:39f81e1a4f7f506c1eec166b2a0a095d9f5d3f888e6c9c2c394561fcecc17e51",
      "edge_type": "data"
    },
    "measurement-data": {
      "status": "valid",
      "input_hash": "sha256:e3b0c44298fc1c149afbf4c8996fb92427ae41e4649b934ca495991b7852b855",
      "edge_type": "data"
    },
    "measurement-model": {
      "status": "valid",
      "input_hash": "sha256:58b28b0e389b93fa006a02dcf84037af4bd62f781bfc8edb7d1ebd4e8d365634",
      "edge_type": "impl"
    },
    "risks": {
      "status": "valid",
      "input_hash": "sha256:28a50d424034dbad63f372317331586b6eb3fbe444ebf090c7af8f9edf130262",
      "edge_type": "scope"
    }
  },
  "signed_bundle_digest": "{\"payload\":\"eyJfdHlwZSI6Imh0dHBzOi8vaW4tdG90by5pby9TdGF0ZW1lbnQvdjEiLCJwcmVkaWNhdGUiOnsic3RhdGVtZW50X3ZlcnNpb24iOjEsInRvb2wiOiJmcm9nYSJ9LCJwcmVkaWNhdGVUeXBlIjoiaHR0cHM6Ly92ZW50dXJhbGl0aWNhLmFpL2F0dGVzdGF0aW9uL3YxIiwic3ViamVjdCI6W3siZGlnZXN0Ijp7InNoYTI1NiI6ImI0MTc3NzkwNTkzOTJjNzZlYzljYWJhN2NhODc0OGVhNzQ2YjFjZWJkNmNhZjc1MmNiNjVmNTdhODY4Yjk1YTYifSwibmFtZSI6ImJ1bmRsZS5qc29uIn1dfQ==\",\"payloadType\":\"application/vnd.in-toto+json\",\"signatures\":[{\"keyid\":\"9a22033e7f1b05d29382456cd7799e73a46364f247e89d51862c5acb9c1a38e6\",\"sig\":\"hkSCOR+j8e1FOMdGlDYbB+SSlxmvYiE3v7fODeBFhGw2i+jCRKT/xV35+sJG10tbUFktKdoQ23JcnRjui5K0uA==\"}]}"
}