{
  "schema_version": "venturalitica.ai/v1alpha1",
  "program_uid": "fb2cd398-7fc1-5135-b187-625cb0f1c2dd",
  "triple": {
    "code": "7b79ef7dd51478d613a243c517a505bcf7ae4517",
    "model": "resnet18-logreg:seed=42",
    "dataset": ""
  },
  "sections": {
    "classification": {
      "status": "valid",
      "input_hash": "sha256:28a50d424034dbad63f372317331586b6eb3fbe444ebf090c7af8f9edf130262",
      "edge_type": "scope"
    },
    "data_governance": {
      "status": "valid",
      "input_hash": "sha256:39f81e1a4f7f506c1eec166b2a0a095d9f5d3f888e6c9c2c394561fcecc17e51",
      "edge_type": "data"
    },
    "measurement-data": {
      "status": "valid",
      "input_hash": "sha256:e3b0c44298fc1c149afbf4c8996fb92427ae41e4649b934ca495991b7852b855",
      "edge_type": "data"
    },
    "measurement-model": {
      "status": "valid",
      "input_hash": "sha256:74e0ff09e7c7896353f114b2463c988e942f2b1a77406b5ffe79b607f40aaca6",
      "edge_type": "impl"
    },
    "risks": {
      "status": "valid",
      "input_hash": "sha256:28a50d424034dbad63f372317331586b6eb3fbe444ebf090c7af8f9edf130262",
      "edge_type": "scope"
    }
  },
  "signed_bundle_digest": "{\"payload\":\"eyJfdHlwZSI6Imh0dHBzOi8vaW4tdG90by5pby9TdGF0ZW1lbnQvdjEiLCJwcmVkaWNhdGUiOnsic3RhdGVtZW50X3ZlcnNpb24iOjEsInRvb2wiOiJ2ZW50aCJ9LCJwcmVkaWNhdGVUeXBlIjoiaHR0cHM6Ly92ZW50dXJhbGl0aWNhLmFpL2F0dGVzdGF0aW9uL3YxIiwic3ViamVjdCI6W3siZGlnZXN0Ijp7InNoYTI1NiI6ImI4MzJiMzcyOWI3NDc2ZmEwNzIzMzU5NjRmNTZlNTAyZGFhNTg3NzQ2ZjUwZWEyM2FjYjRkNmE0YTg2OTM2OGQifSwibmFtZSI6ImJ1bmRsZS5qc29uIn1dfQ==\",\"payloadType\":\"application/vnd.in-toto+json\",\"signatures\":[{\"keyid\":\"6a703fd98237348959a380b86d88b9eba6877e5eac3f86bbb6813f7d0a07a8fc\",\"sig\":\"TgZ/R+PBDPHNfMvLfdTxDXRYHqBdS1xyc3hij6riXn/Rf7VmQEGCYAIUJUbaq9Y/IwOiDYNcm66SiJkEmxo/KQ==\"}]}"
}